
Microsoft Visual Studio Solution File, Format Version 12.00
# Visual Studio Version 16
VisualStudioVersion = 16.0.30223.230
MinimumVisualStudioVersion = 10.0.40219.1
Project("{D954291E-2A0B-460D-934E-DC6B0785DB48}") = "XamlFlags.Shared", "XamlFlags\XamlFlags.Shared\XamlFlags.Shared.shproj", "{6279C845-92F8-4333-AB99-3D213163593C}"
EndProject
Project("{FAE04EC0-301F-11D3-BF4B-00C04F79EFBC}") = "XamlFlags.Droid", "XamlFlags\XamlFlags.Droid\XamlFlags.Droid.csproj", "{99D8ED22-8495-48EE-BA45-AEB5BA82D0BC}"
EndProject
Project("{FAE04EC0-301F-11D3-BF4B-00C04F79EFBC}") = "XamlFlags.iOS", "XamlFlags\XamlFlags.iOS\XamlFlags.iOS.csproj", "{B962BFE8-66F4-40D8-BE04-42692418800B}"
EndProject
Project("{FAE04EC0-301F-11D3-BF4B-00C04F79EFBC}") = "XamlFlags.UWP", "XamlFlags\XamlFlags.UWP\XamlFlags.UWP.csproj", "{E42ECE98-AA1F-448A-9359-FD649083B5D0}"
EndProject
Project("{FAE04EC0-301F-11D3-BF4B-00C04F79EFBC}") = "XamlFlags.Wasm", "XamlFlags\XamlFlags.Wasm\XamlFlags.Wasm.csproj", "{3C3DF03A-4223-4EEA-AC9D-8F0DBFE9204B}"
EndProject
Project("{FAE04EC0-301F-11D3-BF4B-00C04F79EFBC}") = "XamlFlags.macOS", "XamlFlags\XamlFlags.macOS\XamlFlags.macOS.csproj", "{AE2E9454-F6F8-414D-A701-6665D3386018}"
EndProject
Global
	GlobalSection(SharedMSBuildProjectFiles) = preSolution
		XamlFlags\XamlFlags.Shared\XamlFlags.Shared.projitems*{3c3df03a-4223-4eea-ac9d-8f0dbfe9204b}*SharedItemsImports = 5
		XamlFlags\XamlFlags.Shared\XamlFlags.Shared.projitems*{6279c845-92f8-4333-ab99-3d213163593c}*SharedItemsImports = 13
		XamlFlags\XamlFlags.Shared\XamlFlags.Shared.projitems*{99d8ed22-8495-48ee-ba45-aeb5ba82d0bc}*SharedItemsImports = 4
		XamlFlags\XamlFlags.Shared\XamlFlags.Shared.projitems*{ae2e9454-f6f8-414d-a701-6665d3386018}*SharedItemsImports = 4
		XamlFlags\XamlFlags.Shared\XamlFlags.Shared.projitems*{b962bfe8-66f4-40d8-be04-42692418800b}*SharedItemsImports = 4
		XamlFlags\XamlFlags.Shared\XamlFlags.Shared.projitems*{e42ece98-aa1f-448a-9359-fd649083b5d0}*SharedItemsImports = 4
	EndGlobalSection
	GlobalSection(SolutionConfigurationPlatforms) = preSolution
		Ad-Hoc|Any CPU = Ad-Hoc|Any CPU
		Ad-Hoc|ARM = Ad-Hoc|ARM
		Ad-Hoc|ARM64 = Ad-Hoc|ARM64
		Ad-Hoc|iPhone = Ad-Hoc|iPhone
		Ad-Hoc|iPhoneSimulator = Ad-Hoc|iPhoneSimulator
		Ad-Hoc|x64 = Ad-Hoc|x64
		Ad-Hoc|x86 = Ad-Hoc|x86
		AppStore|Any CPU = AppStore|Any CPU
		AppStore|ARM = AppStore|ARM
		AppStore|ARM64 = AppStore|ARM64
		AppStore|iPhone = AppStore|iPhone
		AppStore|iPhoneSimulator = AppStore|iPhoneSimulator
		AppStore|x64 = AppStore|x64
		AppStore|x86 = AppStore|x86
		Debug|Any CPU = Debug|Any CPU
		Debug|ARM = Debug|ARM
		Debug|ARM64 = Debug|ARM64
		Debug|iPhone = Debug|iPhone
		Debug|iPhoneSimulator = Debug|iPhoneSimulator
		Debug|x64 = Debug|x64
		Debug|x86 = Debug|x86
		Release|Any CPU = Release|Any CPU
		Release|ARM = Release|ARM
		Release|ARM64 = Release|ARM64
		Release|iPhone = Release|iPhone
		Release|iPhoneSimulator = Release|iPhoneSimulator
		Release|x64 = Release|x64
		Release|x86 = Release|x86
	EndGlobalSection
	GlobalSection(ProjectConfigurationPlatforms) = postSolution
		{99D8ED22-8495-48EE-BA45-AEB5BA82D0BC}.Ad-Hoc|Any CPU.ActiveCfg = Release|Any CPU
		{99D8ED22-8495-48EE-BA45-AEB5BA82D0BC}.Ad-Hoc|Any CPU.Build.0 = Release|Any CPU
		{99D8ED22-8495-48EE-BA45-AEB5BA82D0BC}.Ad-Hoc|Any CPU.Deploy.0 = Release|Any CPU
		{99D8ED22-8495-48EE-BA45-AEB5BA82D0BC}.Ad-Hoc|ARM.ActiveCfg = Release|Any CPU
		{99D8ED22-8495-48EE-BA45-AEB5BA82D0BC}.Ad-Hoc|ARM.Build.0 = Release|Any CPU
		{99D8ED22-8495-48EE-BA45-AEB5BA82D0BC}.Ad-Hoc|ARM.Deploy.0 = Release|Any CPU
		{99D8ED22-8495-48EE-BA45-AEB5BA82D0BC}.Ad-Hoc|ARM64.ActiveCfg = Release|Any CPU
		{99D8ED22-8495-48EE-BA45-AEB5BA82D0BC}.Ad-Hoc|ARM64.Build.0 = Release|Any CPU
		{99D8ED22-8495-48EE-BA45-AEB5BA82D0BC}.Ad-Hoc|ARM64.Deploy.0 = Release|Any CPU
		{99D8ED22-8495-48EE-BA45-AEB5BA82D0BC}.Ad-Hoc|iPhone.ActiveCfg = Release|Any CPU
		{99D8ED22-8495-48EE-BA45-AEB5BA82D0BC}.Ad-Hoc|iPhone.Build.0 = Release|Any CPU
		{99D8ED22-8495-48EE-BA45-AEB5BA82D0BC}.Ad-Hoc|iPhone.Deploy.0 = Release|Any CPU
		{99D8ED22-8495-48EE-BA45-AEB5BA82D0BC}.Ad-Hoc|iPhoneSimulator.ActiveCfg = Release|Any CPU
		{99D8ED22-8495-48EE-BA45-AEB5BA82D0BC}.Ad-Hoc|iPhoneSimulator.Build.0 = Release|Any CPU
		{99D8ED22-8495-48EE-BA45-AEB5BA82D0BC}.Ad-Hoc|iPhoneSimulator.Deploy.0 = Release|Any CPU
		{99D8ED22-8495-48EE-BA45-AEB5BA82D0BC}.Ad-Hoc|x64.ActiveCfg = Release|Any CPU
		{99D8ED22-8495-48EE-BA45-AEB5BA82D0BC}.Ad-Hoc|x64.Build.0 = Release|Any CPU
		{99D8ED22-8495-48EE-BA45-AEB5BA82D0BC}.Ad-Hoc|x64.Deploy.0 = Release|Any CPU
		{99D8ED22-8495-48EE-BA45-AEB5BA82D0BC}.Ad-Hoc|x86.ActiveCfg = Release|Any CPU
		{99D8ED22-8495-48EE-BA45-AEB5BA82D0BC}.Ad-Hoc|x86.Build.0 = Release|Any CPU
		{99D8ED22-8495-48EE-BA45-AEB5BA82D0BC}.Ad-Hoc|x86.Deploy.0 = Release|Any CPU
		{99D8ED22-8495-48EE-BA45-AEB5BA82D0BC}.AppStore|Any CPU.ActiveCfg = Release|Any CPU
		{99D8ED22-8495-48EE-BA45-AEB5BA82D0BC}.AppStore|Any CPU.Build.0 = Release|Any CPU
		{99D8ED22-8495-48EE-BA45-AEB5BA82D0BC}.AppStore|Any CPU.Deploy.0 = Release|Any CPU
		{99D8ED22-8495-48EE-BA45-AEB5BA82D0BC}.AppStore|ARM.ActiveCfg = Release|Any CPU
		{99D8ED22-8495-48EE-BA45-AEB5BA82D0BC}.AppStore|ARM.Build.0 = Release|Any CPU
		{99D8ED22-8495-48EE-BA45-AEB5BA82D0BC}.AppStore|ARM.Deploy.0 = Release|Any CPU
		{99D8ED22-8495-48EE-BA45-AEB5BA82D0BC}.AppStore|ARM64.ActiveCfg = Release|Any CPU
		{99D8ED22-8495-48EE-BA45-AEB5BA82D0BC}.AppStore|ARM64.Build.0 = Release|Any CPU
		{99D8ED22-8495-48EE-BA45-AEB5BA82D0BC}.AppStore|ARM64.Deploy.0 = Release|Any CPU
		{99D8ED22-8495-48EE-BA45-AEB5BA82D0BC}.AppStore|iPhone.ActiveCfg = Release|Any CPU
		{99D8ED22-8495-48EE-BA45-AEB5BA82D0BC}.AppStore|iPhone.Build.0 = Release|Any CPU
		{99D8ED22-8495-48EE-BA45-AEB5BA82D0BC}.AppStore|iPhone.Deploy.0 = Release|Any CPU
		{99D8ED22-8495-48EE-BA45-AEB5BA82D0BC}.AppStore|iPhoneSimulator.ActiveCfg = Release|Any CPU
		{99D8ED22-8495-48EE-BA45-AEB5BA82D0BC}.AppStore|iPhoneSimulator.Build.0 = Release|Any CPU
		{99D8ED22-8495-48EE-BA45-AEB5BA82D0BC}.AppStore|iPhoneSimulator.Deploy.0 = Release|Any CPU
		{99D8ED22-8495-48EE-BA45-AEB5BA82D0BC}.AppStore|x64.ActiveCfg = Release|Any CPU
		{99D8ED22-8495-48EE-BA45-AEB5BA82D0BC}.AppStore|x64.Build.0 = Release|Any CPU
		{99D8ED22-8495-48EE-BA45-AEB5BA82D0BC}.AppStore|x64.Deploy.0 = Release|Any CPU
		{99D8ED22-8495-48EE-BA45-AEB5BA82D0BC}.AppStore|x86.ActiveCfg = Release|Any CPU
		{99D8ED22-8495-48EE-BA45-AEB5BA82D0BC}.AppStore|x86.Build.0 = Release|Any CPU
		{99D8ED22-8495-48EE-BA45-AEB5BA82D0BC}.AppStore|x86.Deploy.0 = Release|Any CPU
		{99D8ED22-8495-48EE-BA45-AEB5BA82D0BC}.Debug|Any CPU.ActiveCfg = Debug|Any CPU
		{99D8ED22-8495-48EE-BA45-AEB5BA82D0BC}.Debug|Any CPU.Build.0 = Debug|Any CPU
		{99D8ED22-8495-48EE-BA45-AEB5BA82D0BC}.Debug|Any CPU.Deploy.0 = Debug|Any CPU
		{99D8ED22-8495-48EE-BA45-AEB5BA82D0BC}.Debug|ARM.ActiveCfg = Debug|Any CPU
		{99D8ED22-8495-48EE-BA45-AEB5BA82D0BC}.Debug|ARM.Build.0 = Debug|Any CPU
		{99D8ED22-8495-48EE-BA45-AEB5BA82D0BC}.Debug|ARM.Deploy.0 = Debug|Any CPU
		{99D8ED22-8495-48EE-BA45-AEB5BA82D0BC}.Debug|ARM64.ActiveCfg = Debug|Any CPU
		{99D8ED22-8495-48EE-BA45-AEB5BA82D0BC}.Debug|ARM64.Build.0 = Debug|Any CPU
		{99D8ED22-8495-48EE-BA45-AEB5BA82D0BC}.Debug|ARM64.Deploy.0 = Debug|Any CPU
		{99D8ED22-8495-48EE-BA45-AEB5BA82D0BC}.Debug|iPhone.ActiveCfg = Debug|Any CPU
		{99D8ED22-8495-48EE-BA45-AEB5BA82D0BC}.Debug|iPhone.Build.0 = Debug|Any CPU
		{99D8ED22-8495-48EE-BA45-AEB5BA82D0BC}.Debug|iPhone.Deploy.0 = Debug|Any CPU
		{99D8ED22-8495-48EE-BA45-AEB5BA82D0BC}.Debug|iPhoneSimulator.ActiveCfg = Debug|Any CPU
		{99D8ED22-8495-48EE-BA45-AEB5BA82D0BC}.Debug|iPhoneSimulator.Build.0 = Debug|Any CPU
		{99D8ED22-8495-48EE-BA45-AEB5BA82D0BC}.Debug|iPhoneSimulator.Deploy.0 = Debug|Any CPU
		{99D8ED22-8495-48EE-BA45-AEB5BA82D0BC}.Debug|x64.ActiveCfg = Debug|Any CPU
		{99D8ED22-8495-48EE-BA45-AEB5BA82D0BC}.Debug|x64.Build.0 = Debug|Any CPU
		{99D8ED22-8495-48EE-BA45-AEB5BA82D0BC}.Debug|x64.Deploy.0 = Debug|Any CPU
		{99D8ED22-8495-48EE-BA45-AEB5BA82D0BC}.Debug|x86.ActiveCfg = Debug|Any CPU
		{99D8ED22-8495-48EE-BA45-AEB5BA82D0BC}.Debug|x86.Build.0 = Debug|Any CPU
		{99D8ED22-8495-48EE-BA45-AEB5BA82D0BC}.Debug|x86.Deploy.0 = Debug|Any CPU
		{99D8ED22-8495-48EE-BA45-AEB5BA82D0BC}.Release|Any CPU.ActiveCfg = Release|Any CPU
		{99D8ED22-8495-48EE-BA45-AEB5BA82D0BC}.Release|Any CPU.Build.0 = Release|Any CPU
		{99D8ED22-8495-48EE-BA45-AEB5BA82D0BC}.Release|Any CPU.Deploy.0 = Release|Any CPU
		{99D8ED22-8495-48EE-BA45-AEB5BA82D0BC}.Release|ARM.ActiveCfg = Release|Any CPU
		{99D8ED22-8495-48EE-BA45-AEB5BA82D0BC}.Release|ARM.Build.0 = Release|Any CPU
		{99D8ED22-8495-48EE-BA45-AEB5BA82D0BC}.Release|ARM.Deploy.0 = Release|Any CPU
		{99D8ED22-8495-48EE-BA45-AEB5BA82D0BC}.Release|ARM64.ActiveCfg = Release|Any CPU
		{99D8ED22-8495-48EE-BA45-AEB5BA82D0BC}.Release|ARM64.Build.0 = Release|Any CPU
		{99D8ED22-8495-48EE-BA45-AEB5BA82D0BC}.Release|ARM64.Deploy.0 = Release|Any CPU
		{99D8ED22-8495-48EE-BA45-AEB5BA82D0BC}.Release|iPhone.ActiveCfg = Release|Any CPU
		{99D8ED22-8495-48EE-BA45-AEB5BA82D0BC}.Release|iPhone.Build.0 = Release|Any CPU
		{99D8ED22-8495-48EE-BA45-AEB5BA82D0BC}.Release|iPhone.Deploy.0 = Release|Any CPU
		{99D8ED22-8495-48EE-BA45-AEB5BA82D0BC}.Release|iPhoneSimulator.ActiveCfg = Release|Any CPU
		{99D8ED22-8495-48EE-BA45-AEB5BA82D0BC}.Release|iPhoneSimulator.Build.0 = Release|Any CPU
		{99D8ED22-8495-48EE-BA45-AEB5BA82D0BC}.Release|iPhoneSimulator.Deploy.0 = Release|Any CPU
		{99D8ED22-8495-48EE-BA45-AEB5BA82D0BC}.Release|x64.ActiveCfg = Release|Any CPU
		{99D8ED22-8495-48EE-BA45-AEB5BA82D0BC}.Release|x64.Build.0 = Release|Any CPU
		{99D8ED22-8495-48EE-BA45-AEB5BA82D0BC}.Release|x64.Deploy.0 = Release|Any CPU
		{99D8ED22-8495-48EE-BA45-AEB5BA82D0BC}.Release|x86.ActiveCfg = Release|Any CPU
		{99D8ED22-8495-48EE-BA45-AEB5BA82D0BC}.Release|x86.Build.0 = Release|Any CPU
		{99D8ED22-8495-48EE-BA45-AEB5BA82D0BC}.Release|x86.Deploy.0 = Release|Any CPU
		{B962BFE8-66F4-40D8-BE04-42692418800B}.Ad-Hoc|Any CPU.ActiveCfg = Ad-Hoc|iPhone
		{B962BFE8-66F4-40D8-BE04-42692418800B}.Ad-Hoc|ARM.ActiveCfg = Ad-Hoc|iPhone
		{B962BFE8-66F4-40D8-BE04-42692418800B}.Ad-Hoc|ARM64.ActiveCfg = Ad-Hoc|iPhone
		{B962BFE8-66F4-40D8-BE04-42692418800B}.Ad-Hoc|iPhone.ActiveCfg = Ad-Hoc|iPhone
		{B962BFE8-66F4-40D8-BE04-42692418800B}.Ad-Hoc|iPhone.Build.0 = Ad-Hoc|iPhone
		{B962BFE8-66F4-40D8-BE04-42692418800B}.Ad-Hoc|iPhoneSimulator.ActiveCfg = Ad-Hoc|iPhoneSimulator
		{B962BFE8-66F4-40D8-BE04-42692418800B}.Ad-Hoc|iPhoneSimulator.Build.0 = Ad-Hoc|iPhoneSimulator
		{B962BFE8-66F4-40D8-BE04-42692418800B}.Ad-Hoc|x64.ActiveCfg = Ad-Hoc|iPhone
		{B962BFE8-66F4-40D8-BE04-42692418800B}.Ad-Hoc|x86.ActiveCfg = Ad-Hoc|iPhone
		{B962BFE8-66F4-40D8-BE04-42692418800B}.AppStore|Any CPU.ActiveCfg = AppStore|iPhone
		{B962BFE8-66F4-40D8-BE04-42692418800B}.AppStore|ARM.ActiveCfg = AppStore|iPhone
		{B962BFE8-66F4-40D8-BE04-42692418800B}.AppStore|ARM64.ActiveCfg = AppStore|iPhone
		{B962BFE8-66F4-40D8-BE04-42692418800B}.AppStore|iPhone.ActiveCfg = AppStore|iPhone
		{B962BFE8-66F4-40D8-BE04-42692418800B}.AppStore|iPhone.Build.0 = AppStore|iPhone
		{B962BFE8-66F4-40D8-BE04-42692418800B}.AppStore|iPhoneSimulator.ActiveCfg = AppStore|iPhoneSimulator
		{B962BFE8-66F4-40D8-BE04-42692418800B}.AppStore|iPhoneSimulator.Build.0 = AppStore|iPhoneSimulator
		{B962BFE8-66F4-40D8-BE04-42692418800B}.AppStore|x64.ActiveCfg = AppStore|iPhone
		{B962BFE8-66F4-40D8-BE04-42692418800B}.AppStore|x86.ActiveCfg = AppStore|iPhone
		{B962BFE8-66F4-40D8-BE04-42692418800B}.Debug|Any CPU.ActiveCfg = Debug|iPhone
		{B962BFE8-66F4-40D8-BE04-42692418800B}.Debug|ARM.ActiveCfg = Debug|iPhone
		{B962BFE8-66F4-40D8-BE04-42692418800B}.Debug|ARM64.ActiveCfg = Debug|iPhone
		{B962BFE8-66F4-40D8-BE04-42692418800B}.Debug|iPhone.ActiveCfg = Debug|iPhone
		{B962BFE8-66F4-40D8-BE04-42692418800B}.Debug|iPhone.Build.0 = Debug|iPhone
		{B962BFE8-66F4-40D8-BE04-42692418800B}.Debug|iPhoneSimulator.ActiveCfg = Debug|iPhoneSimulator
		{B962BFE8-66F4-40D8-BE04-42692418800B}.Debug|iPhoneSimulator.Build.0 = Debug|iPhoneSimulator
		{B962BFE8-66F4-40D8-BE04-42692418800B}.Debug|x64.ActiveCfg = Debug|iPhone
		{B962BFE8-66F4-40D8-BE04-42692418800B}.Debug|x86.ActiveCfg = Debug|iPhone
		{B962BFE8-66F4-40D8-BE04-42692418800B}.Release|Any CPU.ActiveCfg = Release|iPhone
		{B962BFE8-66F4-40D8-BE04-42692418800B}.Release|ARM.ActiveCfg = Release|iPhone
		{B962BFE8-66F4-40D8-BE04-42692418800B}.Release|ARM64.ActiveCfg = Release|iPhone
		{B962BFE8-66F4-40D8-BE04-42692418800B}.Release|iPhone.ActiveCfg = Release|iPhone
		{B962BFE8-66F4-40D8-BE04-42692418800B}.Release|iPhone.Build.0 = Release|iPhone
		{B962BFE8-66F4-40D8-BE04-42692418800B}.Release|iPhoneSimulator.ActiveCfg = Release|iPhoneSimulator
		{B962BFE8-66F4-40D8-BE04-42692418800B}.Release|iPhoneSimulator.Build.0 = Release|iPhoneSimulator
		{B962BFE8-66F4-40D8-BE04-42692418800B}.Release|x64.ActiveCfg = Release|iPhone
		{B962BFE8-66F4-40D8-BE04-42692418800B}.Release|x86.ActiveCfg = Release|iPhone
		{E42ECE98-AA1F-448A-9359-FD649083B5D0}.Ad-Hoc|Any CPU.ActiveCfg = Release|x64
		{E42ECE98-AA1F-448A-9359-FD649083B5D0}.Ad-Hoc|Any CPU.Build.0 = Release|x64
		{E42ECE98-AA1F-448A-9359-FD649083B5D0}.Ad-Hoc|Any CPU.Deploy.0 = Release|x64
		{E42ECE98-AA1F-448A-9359-FD649083B5D0}.Ad-Hoc|ARM.ActiveCfg = Release|ARM
		{E42ECE98-AA1F-448A-9359-FD649083B5D0}.Ad-Hoc|ARM.Build.0 = Release|ARM
		{E42ECE98-AA1F-448A-9359-FD649083B5D0}.Ad-Hoc|ARM.Deploy.0 = Release|ARM
		{E42ECE98-AA1F-448A-9359-FD649083B5D0}.Ad-Hoc|ARM64.ActiveCfg = Release|ARM64
		{E42ECE98-AA1F-448A-9359-FD649083B5D0}.Ad-Hoc|ARM64.Build.0 = Release|ARM64
		{E42ECE98-AA1F-448A-9359-FD649083B5D0}.Ad-Hoc|ARM64.Deploy.0 = Release|ARM64
		{E42ECE98-AA1F-448A-9359-FD649083B5D0}.Ad-Hoc|iPhone.ActiveCfg = Release|x64
		{E42ECE98-AA1F-448A-9359-FD649083B5D0}.Ad-Hoc|iPhone.Build.0 = Release|x64
		{E42ECE98-AA1F-448A-9359-FD649083B5D0}.Ad-Hoc|iPhone.Deploy.0 = Release|x64
		{E42ECE98-AA1F-448A-9359-FD649083B5D0}.Ad-Hoc|iPhoneSimulator.ActiveCfg = Release|x64
		{E42ECE98-AA1F-448A-9359-FD649083B5D0}.Ad-Hoc|iPhoneSimulator.Build.0 = Release|x64
		{E42ECE98-AA1F-448A-9359-FD649083B5D0}.Ad-Hoc|iPhoneSimulator.Deploy.0 = Release|x64
		{E42ECE98-AA1F-448A-9359-FD649083B5D0}.Ad-Hoc|x64.ActiveCfg = Release|x64
		{E42ECE98-AA1F-448A-9359-FD649083B5D0}.Ad-Hoc|x64.Build.0 = Release|x64
		{E42ECE98-AA1F-448A-9359-FD649083B5D0}.Ad-Hoc|x64.Deploy.0 = Release|x64
		{E42ECE98-AA1F-448A-9359-FD649083B5D0}.Ad-Hoc|x86.ActiveCfg = Release|x86
		{E42ECE98-AA1F-448A-9359-FD649083B5D0}.Ad-Hoc|x86.Build.0 = Release|x86
		{E42ECE98-AA1F-448A-9359-FD649083B5D0}.Ad-Hoc|x86.Deploy.0 = Release|x86
		{E42ECE98-AA1F-448A-9359-FD649083B5D0}.AppStore|Any CPU.ActiveCfg = Release|x64
		{E42ECE98-AA1F-448A-9359-FD649083B5D0}.AppStore|Any CPU.Build.0 = Release|x64
		{E42ECE98-AA1F-448A-9359-FD649083B5D0}.AppStore|Any CPU.Deploy.0 = Release|x64
		{E42ECE98-AA1F-448A-9359-FD649083B5D0}.AppStore|ARM.ActiveCfg = Release|ARM
		{E42ECE98-AA1F-448A-9359-FD649083B5D0}.AppStore|ARM.Build.0 = Release|ARM
		{E42ECE98-AA1F-448A-9359-FD649083B5D0}.AppStore|ARM.Deploy.0 = Release|ARM
		{E42ECE98-AA1F-448A-9359-FD649083B5D0}.AppStore|ARM64.ActiveCfg = Release|ARM64
		{E42ECE98-AA1F-448A-9359-FD649083B5D0}.AppStore|ARM64.Build.0 = Release|ARM64
		{E42ECE98-AA1F-448A-9359-FD649083B5D0}.AppStore|ARM64.Deploy.0 = Release|ARM64
		{E42ECE98-AA1F-448A-9359-FD649083B5D0}.AppStore|iPhone.ActiveCfg = Release|x64
		{E42ECE98-AA1F-448A-9359-FD649083B5D0}.AppStore|iPhone.Build.0 = Release|x64
		{E42ECE98-AA1F-448A-9359-FD649083B5D0}.AppStore|iPhone.Deploy.0 = Release|x64
		{E42ECE98-AA1F-448A-9359-FD649083B5D0}.AppStore|iPhoneSimulator.ActiveCfg = Release|x64
		{E42ECE98-AA1F-448A-9359-FD649083B5D0}.AppStore|iPhoneSimulator.Build.0 = Release|x64
		{E42ECE98-AA1F-448A-9359-FD649083B5D0}.AppStore|iPhoneSimulator.Deploy.0 = Release|x64
		{E42ECE98-AA1F-448A-9359-FD649083B5D0}.AppStore|x64.ActiveCfg = Release|x64
		{E42ECE98-AA1F-448A-9359-FD649083B5D0}.AppStore|x64.Build.0 = Release|x64
		{E42ECE98-AA1F-448A-9359-FD649083B5D0}.AppStore|x64.Deploy.0 = Release|x64
		{E42ECE98-AA1F-448A-9359-FD649083B5D0}.AppStore|x86.ActiveCfg = Release|x86
		{E42ECE98-AA1F-448A-9359-FD649083B5D0}.AppStore|x86.Build.0 = Release|x86
		{E42ECE98-AA1F-448A-9359-FD649083B5D0}.AppStore|x86.Deploy.0 = Release|x86
		{E42ECE98-AA1F-448A-9359-FD649083B5D0}.Debug|Any CPU.ActiveCfg = Debug|x86
		{E42ECE98-AA1F-448A-9359-FD649083B5D0}.Debug|ARM.ActiveCfg = Debug|ARM
		{E42ECE98-AA1F-448A-9359-FD649083B5D0}.Debug|ARM.Build.0 = Debug|ARM
		{E42ECE98-AA1F-448A-9359-FD649083B5D0}.Debug|ARM.Deploy.0 = Debug|ARM
		{E42ECE98-AA1F-448A-9359-FD649083B5D0}.Debug|ARM64.ActiveCfg = Debug|ARM64
		{E42ECE98-AA1F-448A-9359-FD649083B5D0}.Debug|ARM64.Build.0 = Debug|ARM64
		{E42ECE98-AA1F-448A-9359-FD649083B5D0}.Debug|ARM64.Deploy.0 = Debug|ARM64
		{E42ECE98-AA1F-448A-9359-FD649083B5D0}.Debug|iPhone.ActiveCfg = Debug|x86
		{E42ECE98-AA1F-448A-9359-FD649083B5D0}.Debug|iPhoneSimulator.ActiveCfg = Debug|x86
		{E42ECE98-AA1F-448A-9359-FD649083B5D0}.Debug|x64.ActiveCfg = Debug|x64
		{E42ECE98-AA1F-448A-9359-FD649083B5D0}.Debug|x64.Build.0 = Debug|x64
		{E42ECE98-AA1F-448A-9359-FD649083B5D0}.Debug|x64.Deploy.0 = Debug|x64
		{E42ECE98-AA1F-448A-9359-FD649083B5D0}.Debug|x86.ActiveCfg = Debug|x86
		{E42ECE98-AA1F-448A-9359-FD649083B5D0}.Debug|x86.Build.0 = Debug|x86
		{E42ECE98-AA1F-448A-9359-FD649083B5D0}.Debug|x86.Deploy.0 = Debug|x86
		{E42ECE98-AA1F-448A-9359-FD649083B5D0}.Release|Any CPU.ActiveCfg = Release|x86
		{E42ECE98-AA1F-448A-9359-FD649083B5D0}.Release|ARM.ActiveCfg = Release|ARM
		{E42ECE98-AA1F-448A-9359-FD649083B5D0}.Release|ARM.Build.0 = Release|ARM
		{E42ECE98-AA1F-448A-9359-FD649083B5D0}.Release|ARM.Deploy.0 = Release|ARM
		{E42ECE98-AA1F-448A-9359-FD649083B5D0}.Release|ARM64.ActiveCfg = Release|ARM64
		{E42ECE98-AA1F-448A-9359-FD649083B5D0}.Release|ARM64.Build.0 = Release|ARM64
		{E42ECE98-AA1F-448A-9359-FD649083B5D0}.Release|ARM64.Deploy.0 = Release|ARM64
		{E42ECE98-AA1F-448A-9359-FD649083B5D0}.Release|iPhone.ActiveCfg = Release|x86
		{E42ECE98-AA1F-448A-9359-FD649083B5D0}.Release|iPhoneSimulator.ActiveCfg = Release|x86
		{E42ECE98-AA1F-448A-9359-FD649083B5D0}.Release|x64.ActiveCfg = Release|x64
		{E42ECE98-AA1F-448A-9359-FD649083B5D0}.Release|x64.Build.0 = Release|x64
		{E42ECE98-AA1F-448A-9359-FD649083B5D0}.Release|x64.Deploy.0 = Release|x64
		{E42ECE98-AA1F-448A-9359-FD649083B5D0}.Release|x86.ActiveCfg = Release|x86
		{E42ECE98-AA1F-448A-9359-FD649083B5D0}.Release|x86.Build.0 = Release|x86
		{E42ECE98-AA1F-448A-9359-FD649083B5D0}.Release|x86.Deploy.0 = Release|x86
		{3C3DF03A-4223-4EEA-AC9D-8F0DBFE9204B}.Ad-Hoc|Any CPU.ActiveCfg = Debug|Any CPU
		{3C3DF03A-4223-4EEA-AC9D-8F0DBFE9204B}.Ad-Hoc|Any CPU.Build.0 = Debug|Any CPU
		{3C3DF03A-4223-4EEA-AC9D-8F0DBFE9204B}.Ad-Hoc|ARM.ActiveCfg = Debug|Any CPU
		{3C3DF03A-4223-4EEA-AC9D-8F0DBFE9204B}.Ad-Hoc|ARM.Build.0 = Debug|Any CPU
		{3C3DF03A-4223-4EEA-AC9D-8F0DBFE9204B}.Ad-Hoc|ARM64.ActiveCfg = Debug|Any CPU
		{3C3DF03A-4223-4EEA-AC9D-8F0DBFE9204B}.Ad-Hoc|ARM64.Build.0 = Debug|Any CPU
		{3C3DF03A-4223-4EEA-AC9D-8F0DBFE9204B}.Ad-Hoc|iPhone.ActiveCfg = Debug|Any CPU
		{3C3DF03A-4223-4EEA-AC9D-8F0DBFE9204B}.Ad-Hoc|iPhone.Build.0 = Debug|Any CPU
		{3C3DF03A-4223-4EEA-AC9D-8F0DBFE9204B}.Ad-Hoc|iPhoneSimulator.ActiveCfg = Debug|Any CPU
		{3C3DF03A-4223-4EEA-AC9D-8F0DBFE9204B}.Ad-Hoc|iPhoneSimulator.Build.0 = Debug|Any CPU
		{3C3DF03A-4223-4EEA-AC9D-8F0DBFE9204B}.Ad-Hoc|x64.ActiveCfg = Debug|Any CPU
		{3C3DF03A-4223-4EEA-AC9D-8F0DBFE9204B}.Ad-Hoc|x64.Build.0 = Debug|Any CPU
		{3C3DF03A-4223-4EEA-AC9D-8F0DBFE9204B}.Ad-Hoc|x86.ActiveCfg = Debug|Any CPU
		{3C3DF03A-4223-4EEA-AC9D-8F0DBFE9204B}.Ad-Hoc|x86.Build.0 = Debug|Any CPU
		{3C3DF03A-4223-4EEA-AC9D-8F0DBFE9204B}.AppStore|Any CPU.ActiveCfg = Debug|Any CPU
		{3C3DF03A-4223-4EEA-AC9D-8F0DBFE9204B}.AppStore|Any CPU.Build.0 = Debug|Any CPU
		{3C3DF03A-4223-4EEA-AC9D-8F0DBFE9204B}.AppStore|ARM.ActiveCfg = Debug|Any CPU
		{3C3DF03A-4223-4EEA-AC9D-8F0DBFE9204B}.AppStore|ARM.Build.0 = Debug|Any CPU
		{3C3DF03A-4223-4EEA-AC9D-8F0DBFE9204B}.AppStore|ARM64.ActiveCfg = Debug|Any CPU
		{3C3DF03A-4223-4EEA-AC9D-8F0DBFE9204B}.AppStore|ARM64.Build.0 = Debug|Any CPU
		{3C3DF03A-4223-4EEA-AC9D-8F0DBFE9204B}.AppStore|iPhone.ActiveCfg = Debug|Any CPU
		{3C3DF03A-4223-4EEA-AC9D-8F0DBFE9204B}.AppStore|iPhone.Build.0 = Debug|Any CPU
		{3C3DF03A-4223-4EEA-AC9D-8F0DBFE9204B}.AppStore|iPhoneSimulator.ActiveCfg = Debug|Any CPU
		{3C3DF03A-4223-4EEA-AC9D-8F0DBFE9204B}.AppStore|iPhoneSimulator.Build.0 = Debug|Any CPU
		{3C3DF03A-4223-4EEA-AC9D-8F0DBFE9204B}.AppStore|x64.ActiveCfg = Debug|Any CPU
		{3C3DF03A-4223-4EEA-AC9D-8F0DBFE9204B}.AppStore|x64.Build.0 = Debug|Any CPU
		{3C3DF03A-4223-4EEA-AC9D-8F0DBFE9204B}.AppStore|x86.ActiveCfg = Debug|Any CPU
		{3C3DF03A-4223-4EEA-AC9D-8F0DBFE9204B}.AppStore|x86.Build.0 = Debug|Any CPU
		{3C3DF03A-4223-4EEA-AC9D-8F0DBFE9204B}.Debug|Any CPU.ActiveCfg = Debug|Any CPU
		{3C3DF03A-4223-4EEA-AC9D-8F0DBFE9204B}.Debug|Any CPU.Build.0 = Debug|Any CPU
		{3C3DF03A-4223-4EEA-AC9D-8F0DBFE9204B}.Debug|ARM.ActiveCfg = Debug|Any CPU
		{3C3DF03A-4223-4EEA-AC9D-8F0DBFE9204B}.Debug|ARM.Build.0 = Debug|Any CPU
		{3C3DF03A-4223-4EEA-AC9D-8F0DBFE9204B}.Debug|ARM64.ActiveCfg = Debug|Any CPU
		{3C3DF03A-4223-4EEA-AC9D-8F0DBFE9204B}.Debug|ARM64.Build.0 = Debug|Any CPU
		{3C3DF03A-4223-4EEA-AC9D-8F0DBFE9204B}.Debug|iPhone.ActiveCfg = Debug|Any CPU
		{3C3DF03A-4223-4EEA-AC9D-8F0DBFE9204B}.Debug|iPhone.Build.0 = Debug|Any CPU
		{3C3DF03A-4223-4EEA-AC9D-8F0DBFE9204B}.Debug|iPhoneSimulator.ActiveCfg = Debug|Any CPU
		{3C3DF03A-4223-4EEA-AC9D-8F0DBFE9204B}.Debug|iPhoneSimulator.Build.0 = Debug|Any CPU
		{3C3DF03A-4223-4EEA-AC9D-8F0DBFE9204B}.Debug|x64.ActiveCfg = Debug|Any CPU
		{3C3DF03A-4223-4EEA-AC9D-8F0DBFE9204B}.Debug|x64.Build.0 = Debug|Any CPU
		{3C3DF03A-4223-4EEA-AC9D-8F0DBFE9204B}.Debug|x86.ActiveCfg = Debug|Any CPU
		{3C3DF03A-4223-4EEA-AC9D-8F0DBFE9204B}.Debug|x86.Build.0 = Debug|Any CPU
		{3C3DF03A-4223-4EEA-AC9D-8F0DBFE9204B}.Release|Any CPU.ActiveCfg = Release|Any CPU
		{3C3DF03A-4223-4EEA-AC9D-8F0DBFE9204B}.Release|Any CPU.Build.0 = Release|Any CPU
		{3C3DF03A-4223-4EEA-AC9D-8F0DBFE9204B}.Release|ARM.ActiveCfg = Release|Any CPU
		{3C3DF03A-4223-4EEA-AC9D-8F0DBFE9204B}.Release|ARM.Build.0 = Release|Any CPU
		{3C3DF03A-4223-4EEA-AC9D-8F0DBFE9204B}.Release|ARM64.ActiveCfg = Release|Any CPU
		{3C3DF03A-4223-4EEA-AC9D-8F0DBFE9204B}.Release|ARM64.Build.0 = Release|Any CPU
		{3C3DF03A-4223-4EEA-AC9D-8F0DBFE9204B}.Release|iPhone.ActiveCfg = Release|Any CPU
		{3C3DF03A-4223-4EEA-AC9D-8F0DBFE9204B}.Release|iPhone.Build.0 = Release|Any CPU
		{3C3DF03A-4223-4EEA-AC9D-8F0DBFE9204B}.Release|iPhoneSimulator.ActiveCfg = Release|Any CPU
		{3C3DF03A-4223-4EEA-AC9D-8F0DBFE9204B}.Release|iPhoneSimulator.Build.0 = Release|Any CPU
		{3C3DF03A-4223-4EEA-AC9D-8F0DBFE9204B}.Release|x64.ActiveCfg = Release|Any CPU
		{3C3DF03A-4223-4EEA-AC9D-8F0DBFE9204B}.Release|x64.Build.0 = Release|Any CPU
		{3C3DF03A-4223-4EEA-AC9D-8F0DBFE9204B}.Release|x86.ActiveCfg = Release|Any CPU
		{3C3DF03A-4223-4EEA-AC9D-8F0DBFE9204B}.Release|x86.Build.0 = Release|Any CPU
		{AE2E9454-F6F8-414D-A701-6665D3386018}.Ad-Hoc|Any CPU.ActiveCfg = Release|iPhoneSimulator
		{AE2E9454-F6F8-414D-A701-6665D3386018}.Ad-Hoc|Any CPU.Build.0 = Release|iPhoneSimulator
		{AE2E9454-F6F8-414D-A701-6665D3386018}.Ad-Hoc|ARM.ActiveCfg = Release|iPhoneSimulator
		{AE2E9454-F6F8-414D-A701-6665D3386018}.Ad-Hoc|ARM.Build.0 = Release|iPhoneSimulator
		{AE2E9454-F6F8-414D-A701-6665D3386018}.Ad-Hoc|ARM64.ActiveCfg = Release|iPhoneSimulator
		{AE2E9454-F6F8-414D-A701-6665D3386018}.Ad-Hoc|ARM64.Build.0 = Release|iPhoneSimulator
		{AE2E9454-F6F8-414D-A701-6665D3386018}.Ad-Hoc|iPhone.ActiveCfg = Release|iPhoneSimulator
		{AE2E9454-F6F8-414D-A701-6665D3386018}.Ad-Hoc|iPhone.Build.0 = Release|iPhoneSimulator
		{AE2E9454-F6F8-414D-A701-6665D3386018}.Ad-Hoc|iPhoneSimulator.ActiveCfg = Release|iPhoneSimulator
		{AE2E9454-F6F8-414D-A701-6665D3386018}.Ad-Hoc|iPhoneSimulator.Build.0 = Release|iPhoneSimulator
		{AE2E9454-F6F8-414D-A701-6665D3386018}.Ad-Hoc|x64.ActiveCfg = Release|iPhoneSimulator
		{AE2E9454-F6F8-414D-A701-6665D3386018}.Ad-Hoc|x64.Build.0 = Release|iPhoneSimulator
		{AE2E9454-F6F8-414D-A701-6665D3386018}.Ad-Hoc|x86.ActiveCfg = Release|iPhoneSimulator
		{AE2E9454-F6F8-414D-A701-6665D3386018}.Ad-Hoc|x86.Build.0 = Release|iPhoneSimulator
		{AE2E9454-F6F8-414D-A701-6665D3386018}.AppStore|Any CPU.ActiveCfg = Release|iPhoneSimulator
		{AE2E9454-F6F8-414D-A701-6665D3386018}.AppStore|Any CPU.Build.0 = Release|iPhoneSimulator
		{AE2E9454-F6F8-414D-A701-6665D3386018}.AppStore|ARM.ActiveCfg = Release|iPhoneSimulator
		{AE2E9454-F6F8-414D-A701-6665D3386018}.AppStore|ARM.Build.0 = Release|iPhoneSimulator
		{AE2E9454-F6F8-414D-A701-6665D3386018}.AppStore|ARM64.ActiveCfg = Release|iPhoneSimulator
		{AE2E9454-F6F8-414D-A701-6665D3386018}.AppStore|ARM64.Build.0 = Release|iPhoneSimulator
		{AE2E9454-F6F8-414D-A701-6665D3386018}.AppStore|iPhone.ActiveCfg = Release|iPhoneSimulator
		{AE2E9454-F6F8-414D-A701-6665D3386018}.AppStore|iPhone.Build.0 = Release|iPhoneSimulator
		{AE2E9454-F6F8-414D-A701-6665D3386018}.AppStore|iPhoneSimulator.ActiveCfg = Release|iPhoneSimulator
		{AE2E9454-F6F8-414D-A701-6665D3386018}.AppStore|iPhoneSimulator.Build.0 = Release|iPhoneSimulator
		{AE2E9454-F6F8-414D-A701-6665D3386018}.AppStore|x64.ActiveCfg = Release|iPhoneSimulator
		{AE2E9454-F6F8-414D-A701-6665D3386018}.AppStore|x64.Build.0 = Release|iPhoneSimulator
		{AE2E9454-F6F8-414D-A701-6665D3386018}.AppStore|x86.ActiveCfg = Release|iPhoneSimulator
		{AE2E9454-F6F8-414D-A701-6665D3386018}.AppStore|x86.Build.0 = Release|iPhoneSimulator
		{AE2E9454-F6F8-414D-A701-6665D3386018}.Debug|Any CPU.ActiveCfg = Debug|iPhoneSimulator
		{AE2E9454-F6F8-414D-A701-6665D3386018}.Debug|ARM.ActiveCfg = Debug|iPhoneSimulator
		{AE2E9454-F6F8-414D-A701-6665D3386018}.Debug|ARM64.ActiveCfg = Debug|iPhoneSimulator
		{AE2E9454-F6F8-414D-A701-6665D3386018}.Debug|iPhone.ActiveCfg = Debug|iPhoneSimulator
		{AE2E9454-F6F8-414D-A701-6665D3386018}.Debug|iPhoneSimulator.ActiveCfg = Debug|iPhoneSimulator
		{AE2E9454-F6F8-414D-A701-6665D3386018}.Debug|iPhoneSimulator.Build.0 = Debug|iPhoneSimulator
		{AE2E9454-F6F8-414D-A701-6665D3386018}.Debug|x64.ActiveCfg = Debug|iPhoneSimulator
		{AE2E9454-F6F8-414D-A701-6665D3386018}.Debug|x86.ActiveCfg = Debug|iPhoneSimulator
		{AE2E9454-F6F8-414D-A701-6665D3386018}.Release|Any CPU.ActiveCfg = Release|iPhoneSimulator
		{AE2E9454-F6F8-414D-A701-6665D3386018}.Release|ARM.ActiveCfg = Release|iPhoneSimulator
		{AE2E9454-F6F8-414D-A701-6665D3386018}.Release|ARM64.ActiveCfg = Release|iPhoneSimulator
		{AE2E9454-F6F8-414D-A701-6665D3386018}.Release|iPhone.ActiveCfg = Release|iPhoneSimulator
		{AE2E9454-F6F8-414D-A701-6665D3386018}.Release|iPhoneSimulator.ActiveCfg = Release|iPhoneSimulator
		{AE2E9454-F6F8-414D-A701-6665D3386018}.Release|iPhoneSimulator.Build.0 = Release|iPhoneSimulator
		{AE2E9454-F6F8-414D-A701-6665D3386018}.Release|x64.ActiveCfg = Release|iPhoneSimulator
		{AE2E9454-F6F8-414D-A701-6665D3386018}.Release|x86.ActiveCfg = Release|iPhoneSimulator
	EndGlobalSection
	GlobalSection(SolutionProperties) = preSolution
		HideSolutionNode = FALSE
	EndGlobalSection
	GlobalSection(ExtensibilityGlobals) = postSolution
		SolutionGuid = {D37B7CCA-664A-415D-AFC5-83726C042775}
	EndGlobalSection
EndGlobal
